
Microsoft Visual Studio Solution File, Format Version 12.00
# Visual Studio Version 16
VisualStudioVersion = 16.0.34601.136
MinimumVisualStudioVersion = 10.0.40219.1
Project("{FAE04EC0-301F-11D3-BF4B-00C04F79EFBC}") = "Kadis_AQoned", "Quiz_Application\Kadis_AQoned.csproj", "{B91484CE-F88B-4447-9785-E8E2661EB703}"
EndProject
Global
	GlobalSection(SolutionConfigurationPlatforms) = preSolution
		Debug|Any CPU = Debug|Any CPU
		Release|Any CPU = Release|Any CPU
	EndGlobalSection
	GlobalSection(ProjectConfigurationPlatforms) = postSolution
		{B91484CE-F88B-4447-9785-E8E2661EB703}.Debug|Any CPU.ActiveCfg = Debug|Any CPU
		{B91484CE-F88B-4447-9785-E8E2661EB703}.Debug|Any CPU.Build.0 = Debug|Any CPU
		{B91484CE-F88B-4447-9785-E8E2661EB703}.Release|Any CPU.ActiveCfg = Release|Any CPU
		{B91484CE-F88B-4447-9785-E8E2661EB703}.Release|Any CPU.Build.0 = Release|Any CPU
	EndGlobalSection
	GlobalSection(SolutionProperties) = preSolution
		HideSolutionNode = FALSE
	EndGlobalSection
	GlobalSection(ExtensibilityGlobals) = postSolution
		SolutionGuid = {2DFCC298-E3E3-4C05-85D7-786BE22B4D0E}
	EndGlobalSection
EndGlobal
